
Microsoft Visual Studio Solution File, Format Version 12.00
# Visual Studio Version 16
VisualStudioVersion = 16.0.31321.278
MinimumVisualStudioVersion = 10.0.40219.1
Project("{FAE04EC0-301F-11D3-BF4B-00C04F79EFBC}") = "WindowsEF", "WindowsEF\WindowsEF.csproj", "{DD52E0D2-6698-4439-849D-9EDA8216FF5E}"
EndProject
Project("{FAE04EC0-301F-11D3-BF4B-00C04F79EFBC}") = "Datos", "Datos\Datos.csproj", "{C9875428-5E6B-4D40-BCA4-F46701E84BE5}"
EndProject
Global
	GlobalSection(SolutionConfigurationPlatforms) = preSolution
		Debug|Any CPU = Debug|Any CPU
		Release|Any CPU = Release|Any CPU
	EndGlobalSection
	GlobalSection(ProjectConfigurationPlatforms) = postSolution
		{DD52E0D2-6698-4439-849D-9EDA8216FF5E}.Debug|Any CPU.ActiveCfg = Debug|Any CPU
		{DD52E0D2-6698-4439-849D-9EDA8216FF5E}.Debug|Any CPU.Build.0 = Debug|Any CPU
		{DD52E0D2-6698-4439-849D-9EDA8216FF5E}.Release|Any CPU.ActiveCfg = Release|Any CPU
		{DD52E0D2-6698-4439-849D-9EDA8216FF5E}.Release|Any CPU.Build.0 = Release|Any CPU
		{C9875428-5E6B-4D40-BCA4-F46701E84BE5}.Debug|Any CPU.ActiveCfg = Debug|Any CPU
		{C9875428-5E6B-4D40-BCA4-F46701E84BE5}.Debug|Any CPU.Build.0 = Debug|Any CPU
		{C9875428-5E6B-4D40-BCA4-F46701E84BE5}.Release|Any CPU.ActiveCfg = Release|Any CPU
		{C9875428-5E6B-4D40-BCA4-F46701E84BE5}.Release|Any CPU.Build.0 = Release|Any CPU
	EndGlobalSection
	GlobalSection(SolutionProperties) = preSolution
		HideSolutionNode = FALSE
	EndGlobalSection
	GlobalSection(ExtensibilityGlobals) = postSolution
		SolutionGuid = {D6A18D63-F937-4232-84C4-30BD0F00B7EE}
	EndGlobalSection
EndGlobal
